// !$*UTF8*$!
{
	archiveVersion = 1;
	classes = {
	};
	objectVersion = 50;
	objects = {

/* Begin PBXBuildFile section */
		27D9B176729A3F51E9217A59 /* libPods-BlissHub.a in Frameworks */ = {isa = PBXBuildFile; fileRef = 7080068D27F4E58C8FD52DC2 /* libPods-BlissHub.a */; };
		D82ABA1B23C93303003B8FFD /* AppDelegate.swift in Sources */ = {isa = PBXBuildFile; fileRef = D82ABA1A23C93303003B8FFD /* AppDelegate.swift */; };
		D82ABA1D23C93303003B8FFD /* SceneDelegate.swift in Sources */ = {isa = PBXBuildFile; fileRef = D82ABA1C23C93303003B8FFD /* SceneDelegate.swift */; };
		D82ABA1F23C93303003B8FFD /* ViewController.swift in Sources */ = {isa = PBXBuildFile; fileRef = D82ABA1E23C93303003B8FFD /* ViewController.swift */; };
		D82ABA2223C93303003B8FFD /* Main.storyboard in Resources */ = {isa = PBXBuildFile; fileRef = D82ABA2023C93303003B8FFD /* Main.storyboard */; };
		D82ABA2423C93308003B8FFD /* Assets.xcassets in Resources */ = {isa = PBXBuildFile; fileRef = D82ABA2323C93308003B8FFD /* Assets.xcassets */; };
		D82ABA2723C93308003B8FFD /* LaunchScreen.storyboard in Resources */ = {isa = PBXBuildFile; fileRef = D82ABA2523C93308003B8FFD /* LaunchScreen.storyboard */; };
		D8CCE32823C9461C0098CBA5 /* Palette.xml in Resources */ = {isa = PBXBuildFile; fileRef = D8CCE32723C9461C0098CBA5 /* Palette.xml */; };
		D8CCE32A23C947450098CBA5 /* AppColors.swift in Sources */ = {isa = PBXBuildFile; fileRef = D8CCE32923C947440098CBA5 /* AppColors.swift */; };
		D8CCE32C23C947C90098CBA5 /* Localizable.strings in Resources */ = {isa = PBXBuildFile; fileRef = D8CCE32B23C947C90098CBA5 /* Localizable.strings */; };
		D8CCE32F23C949210098CBA5 /* AppAssets.swift in Sources */ = {isa = PBXBuildFile; fileRef = D8CCE32D23C949210098CBA5 /* AppAssets.swift */; };
		D8CCE33023C949210098CBA5 /* AppStrings.swift in Sources */ = {isa = PBXBuildFile; fileRef = D8CCE32E23C949210098CBA5 /* AppStrings.swift */; };
/* End PBXBuildFile section */

/* Begin PBXFileReference section */
		5E9245C807FB89B418FCDB9C /* Pods-BlissHub.release.xcconfig */ = {isa = PBXFileReference; includeInIndex = 1; lastKnownFileType = text.xcconfig; name = "Pods-BlissHub.release.xcconfig"; path = "Target Support Files/Pods-BlissHub/Pods-BlissHub.release.xcconfig"; sourceTree = "<group>"; };
		7080068D27F4E58C8FD52DC2 /* libPods-BlissHub.a */ = {isa = PBXFileReference; explicitFileType = archive.ar; includeInIndex = 0; path = "libPods-BlissHub.a"; sourceTree = BUILT_PRODUCTS_DIR; };
		B6CD63FB68452873E9C71CC7 /* Pods-BlissHub.debug.xcconfig */ = {isa = PBXFileReference; includeInIndex = 1; lastKnownFileType = text.xcconfig; name = "Pods-BlissHub.debug.xcconfig"; path = "Target Support Files/Pods-BlissHub/Pods-BlissHub.debug.xcconfig"; sourceTree = "<group>"; };
		D82ABA1723C93303003B8FFD /* BlissHub.app */ = {isa = PBXFileReference; explicitFileType = wrapper.application; includeInIndex = 0; path = BlissHub.app; sourceTree = BUILT_PRODUCTS_DIR; };
		D82ABA1A23C93303003B8FFD /* AppDelegate.swift */ = {isa = PBXFileReference; lastKnownFileType = sourcecode.swift; path = AppDelegate.swift; sourceTree = "<group>"; };
		D82ABA1C23C93303003B8FFD /* SceneDelegate.swift */ = {isa = PBXFileReference; lastKnownFileType = sourcecode.swift; path = SceneDelegate.swift; sourceTree = "<group>"; };
		D82ABA1E23C93303003B8FFD /* ViewController.swift */ = {isa = PBXFileReference; lastKnownFileType = sourcecode.swift; path = ViewController.swift; sourceTree = "<group>"; };
		D82ABA2123C93303003B8FFD /* Base */ = {isa = PBXFileReference; lastKnownFileType = file.storyboard; name = Base; path = Base.lproj/Main.storyboard; sourceTree = "<group>"; };
		D82ABA2323C93308003B8FFD /* Assets.xcassets */ = {isa = PBXFileReference; lastKnownFileType = folder.assetcatalog; path = Assets.xcassets; sourceTree = "<group>"; };
		D82ABA2623C93308003B8FFD /* Base */ = {isa = PBXFileReference; lastKnownFileType = file.storyboard; name = Base; path = Base.lproj/LaunchScreen.storyboard; sourceTree = "<group>"; };
		D82ABA2823C93308003B8FFD /* Info.plist */ = {isa = PBXFileReference; lastKnownFileType = text.plist.xml; path = Info.plist; sourceTree = "<group>"; };
		D8CCE32723C9461C0098CBA5 /* Palette.xml */ = {isa = PBXFileReference; fileEncoding = 4; lastKnownFileType = text.xml; path = Palette.xml; sourceTree = "<group>"; };
		D8CCE32923C947440098CBA5 /* AppColors.swift */ = {isa = PBXFileReference; fileEncoding = 4; lastKnownFileType = sourcecode.swift; path = AppColors.swift; sourceTree = "<group>"; };
		D8CCE32B23C947C90098CBA5 /* Localizable.strings */ = {isa = PBXFileReference; lastKnownFileType = text.plist.strings; path = Localizable.strings; sourceTree = "<group>"; };
		D8CCE32D23C949210098CBA5 /* AppAssets.swift */ = {isa = PBXFileReference; fileEncoding = 4; lastKnownFileType = sourcecode.swift; path = AppAssets.swift; sourceTree = "<group>"; };
		D8CCE32E23C949210098CBA5 /* AppStrings.swift */ = {isa = PBXFileReference; fileEncoding = 4; lastKnownFileType = sourcecode.swift; path = AppStrings.swift; sourceTree = "<group>"; };
/* End PBXFileReference section */

/* Begin PBXFrameworksBuildPhase section */
		D82ABA1423C93303003B8FFD /* Frameworks */ = {
			isa = PBXFrameworksBuildPhase;
			buildActionMask = 2147483647;
			files = (
				27D9B176729A3F51E9217A59 /* libPods-BlissHub.a in Frameworks */,
			);
			runOnlyForDeploymentPostprocessing = 0;
		};
/* End PBXFrameworksBuildPhase section */

/* Begin PBXGroup section */
		7A5F22F8201AFBC591DE0E51 /* Frameworks */ = {
			isa = PBXGroup;
			children = (
				7080068D27F4E58C8FD52DC2 /* libPods-BlissHub.a */,
			);
			name = Frameworks;
			sourceTree = "<group>";
		};
		D82ABA0E23C93302003B8FFD = {
			isa = PBXGroup;
			children = (
				D82ABA1923C93303003B8FFD /* BlissHub */,
				D82ABA1823C93303003B8FFD /* Products */,
				FC482D5EAA607C947C81B151 /* Pods */,
				7A5F22F8201AFBC591DE0E51 /* Frameworks */,
			);
			sourceTree = "<group>";
		};
		D82ABA1823C93303003B8FFD /* Products */ = {
			isa = PBXGroup;
			children = (
				D82ABA1723C93303003B8FFD /* BlissHub.app */,
			);
			name = Products;
			sourceTree = "<group>";
		};
		D82ABA1923C93303003B8FFD /* BlissHub */ = {
			isa = PBXGroup;
			children = (
				D8CCE31A23C93F960098CBA5 /* Resources */,
				D8CCE31B23C93FA00098CBA5 /* Source */,
				D82ABA1A23C93303003B8FFD /* AppDelegate.swift */,
				D82ABA1C23C93303003B8FFD /* SceneDelegate.swift */,
				D82ABA2823C93308003B8FFD /* Info.plist */,
			);
			path = BlissHub;
			sourceTree = "<group>";
		};
		D8CCE31A23C93F960098CBA5 /* Resources */ = {
			isa = PBXGroup;
			children = (
				D82ABA2323C93308003B8FFD /* Assets.xcassets */,
				D8CCE32223C942160098CBA5 /* Colors */,
				D8CCE31C23C93FB00098CBA5 /* Storyboards */,
				D8CCE32323C9421B0098CBA5 /* Strings */,
			);
			path = Resources;
			sourceTree = "<group>";
		};
		D8CCE31B23C93FA00098CBA5 /* Source */ = {
			isa = PBXGroup;
			children = (
				D8CCE31D23C93FDC0098CBA5 /* MobileUI */,
				D8CCE31E23C940370098CBA5 /* Presentation */,
				D8CCE31F23C9403E0098CBA5 /* Core */,
				D8CCE32023C940430098CBA5 /* Repositories */,
			);
			path = Source;
			sourceTree = "<group>";
		};
		D8CCE31C23C93FB00098CBA5 /* Storyboards */ = {
			isa = PBXGroup;
			children = (
				D82ABA2523C93308003B8FFD /* LaunchScreen.storyboard */,
				D82ABA2023C93303003B8FFD /* Main.storyboard */,
			);
			path = Storyboards;
			sourceTree = "<group>";
		};
		D8CCE31D23C93FDC0098CBA5 /* MobileUI */ = {
			isa = PBXGroup;
			children = (
				D8CCE32123C940BF0098CBA5 /* GeneratedCode */,
				D82ABA1E23C93303003B8FFD /* ViewController.swift */,
			);
			path = MobileUI;
			sourceTree = "<group>";
		};
		D8CCE31E23C940370098CBA5 /* Presentation */ = {
			isa = PBXGroup;
			children = (
			);
			path = Presentation;
			sourceTree = "<group>";
		};
		D8CCE31F23C9403E0098CBA5 /* Core */ = {
			isa = PBXGroup;
			children = (
			);
			path = Core;
			sourceTree = "<group>";
		};
		D8CCE32023C940430098CBA5 /* Repositories */ = {
			isa = PBXGroup;
			children = (
			);
			path = Repositories;
			sourceTree = "<group>";
		};
		D8CCE32123C940BF0098CBA5 /* GeneratedCode */ = {
			isa = PBXGroup;
			children = (
				D8CCE32D23C949210098CBA5 /* AppAssets.swift */,
				D8CCE32923C947440098CBA5 /* AppColors.swift */,
				D8CCE32E23C949210098CBA5 /* AppStrings.swift */,
			);
			path = GeneratedCode;
			sourceTree = "<group>";
		};
		D8CCE32223C942160098CBA5 /* Colors */ = {
			isa = PBXGroup;
			children = (
				D8CCE32723C9461C0098CBA5 /* Palette.xml */,
			);
			path = Colors;
			sourceTree = "<group>";
		};
		D8CCE32323C9421B0098CBA5 /* Strings */ = {
			isa = PBXGroup;
			children = (
				D8CCE32B23C947C90098CBA5 /* Localizable.strings */,
			);
			path = Strings;
			sourceTree = "<group>";
		};
		FC482D5EAA607C947C81B151 /* Pods */ = {
			isa = PBXGroup;
			children = (
				B6CD63FB68452873E9C71CC7 /* Pods-BlissHub.debug.xcconfig */,
				5E9245C807FB89B418FCDB9C /* Pods-BlissHub.release.xcconfig */,
			);
			path = Pods;
			sourceTree = "<group>";
		};
/* End PBXGroup section */

/* Begin PBXNativeTarget section */
		D82ABA1623C93303003B8FFD /* BlissHub */ = {
			isa = PBXNativeTarget;
			buildConfigurationList = D82ABA2B23C93308003B8FFD /* Build configuration list for PBXNativeTarget "BlissHub" */;
			buildPhases = (
				35E06E0E4F1BD051BC034B1C /* [CP] Check Pods Manifest.lock */,
				D8CCE32423C942FE0098CBA5 /* SwiftGen */,
				D82ABA1323C93303003B8FFD /* Sources */,
				D82ABA1423C93303003B8FFD /* Frameworks */,
				D82ABA1523C93303003B8FFD /* Resources */,
			);
			buildRules = (
			);
			dependencies = (
			);
			name = BlissHub;
			productName = BlissHub;
			productReference = D82ABA1723C93303003B8FFD /* BlissHub.app */;
			productType = "com.apple.product-type.application";
		};
/* End PBXNativeTarget section */

/* Begin PBXProject section */
		D82ABA0F23C93302003B8FFD /* Project object */ = {
			isa = PBXProject;
			attributes = {
				LastSwiftUpdateCheck = 1120;
				LastUpgradeCheck = 1120;
				ORGANIZATIONNAME = "Nuno Pimenta";
				TargetAttributes = {
					D82ABA1623C93303003B8FFD = {
						CreatedOnToolsVersion = 11.2.1;
					};
				};
			};
			buildConfigurationList = D82ABA1223C93302003B8FFD /* Build configuration list for PBXProject "BlissHub" */;
			compatibilityVersion = "Xcode 9.3";
			developmentRegion = en;
			hasScannedForEncodings = 0;
			knownRegions = (
				en,
				Base,
			);
			mainGroup = D82ABA0E23C93302003B8FFD;
			productRefGroup = D82ABA1823C93303003B8FFD /* Products */;
			projectDirPath = "";
			projectRoot = "";
			targets = (
				D82ABA1623C93303003B8FFD /* BlissHub */,
			);
		};
/* End PBXProject section */

/* Begin PBXResourcesBuildPhase section */
		D82ABA1523C93303003B8FFD /* Resources */ = {
			isa = PBXResourcesBuildPhase;
			buildActionMask = 2147483647;
			files = (
				D8CCE32C23C947C90098CBA5 /* Localizable.strings in Resources */,
				D82ABA2723C93308003B8FFD /* LaunchScreen.storyboard in Resources */,
				D8CCE32823C9461C0098CBA5 /* Palette.xml in Resources */,
				D82ABA2423C93308003B8FFD /* Assets.xcassets in Resources */,
				D82ABA2223C93303003B8FFD /* Main.storyboard in Resources */,
			);
			runOnlyForDeploymentPostprocessing = 0;
		};
/* End PBXResourcesBuildPhase section */

/* Begin PBXShellScriptBuildPhase section */
		35E06E0E4F1BD051BC034B1C /* [CP] Check Pods Manifest.lock */ = {
			isa = PBXShellScriptBuildPhase;
			buildActionMask = 2147483647;
			files = (
			);
			inputFileListPaths = (
			);
			inputPaths = (
				"${PODS_PODFILE_DIR_PATH}/Podfile.lock",
				"${PODS_ROOT}/Manifest.lock",
			);
			name = "[CP] Check Pods Manifest.lock";
			outputFileListPaths = (
			);
			outputPaths = (
				"$(DERIVED_FILE_DIR)/Pods-BlissHub-checkManifestLockResult.txt",
			);
			runOnlyForDeploymentPostprocessing = 0;
			shellPath = /bin/sh;
			shellScript = "diff \"${PODS_PODFILE_DIR_PATH}/Podfile.lock\" \"${PODS_ROOT}/Manifest.lock\" > /dev/null\nif [ $? != 0 ] ; then\n    # print error to STDERR\n    echo \"error: The sandbox is not in sync with the Podfile.lock. Run 'pod install' or update your CocoaPods installation.\" >&2\n    exit 1\nfi\n# This output is used by Xcode 'outputs' to avoid re-running this script phase.\necho \"SUCCESS\" > \"${SCRIPT_OUTPUT_FILE_0}\"\n";
			showEnvVarsInLog = 0;
		};
		D8CCE32423C942FE0098CBA5 /* SwiftGen */ = {
			isa = PBXShellScriptBuildPhase;
			buildActionMask = 2147483647;
			files = (
			);
			inputFileListPaths = (
			);
			inputPaths = (
			);
			name = SwiftGen;
			outputFileListPaths = (
			);
			outputPaths = (
			);
			runOnlyForDeploymentPostprocessing = 0;
			shellPath = /bin/sh;
			shellScript = "SRCROOT=$(pwd)\n\necho $SRCROOT\n\n# Run SwiftGen\n\necho \"---- Generate resources constants for BlissHub ----\"\nmkdir -p ${PROJECT_DIR}/BlissHub/Source/MobileUI/GeneratedCode\necho $PODS_ROOT\n$PODS_ROOT/SwiftGen/bin/swiftgen config run --config ${PROJECT_DIR}/swiftgen.yml\n";
		};
/* End PBXShellScriptBuildPhase section */

/* Begin PBXSourcesBuildPhase section */
		D82ABA1323C93303003B8FFD /* Sources */ = {
			isa = PBXSourcesBuildPhase;
			buildActionMask = 2147483647;
			files = (
				D8CCE33023C949210098CBA5 /* AppStrings.swift in Sources */,
				D82ABA1F23C93303003B8FFD /* ViewController.swift in Sources */,
				D8CCE32A23C947450098CBA5 /* AppColors.swift in Sources */,
				D82ABA1B23C93303003B8FFD /* AppDelegate.swift in Sources */,
				D8CCE32F23C949210098CBA5 /* AppAssets.swift in Sources */,
				D82ABA1D23C93303003B8FFD /* SceneDelegate.swift in Sources */,
			);
			runOnlyForDeploymentPostprocessing = 0;
		};
/* End PBXSourcesBuildPhase section */

/* Begin PBXVariantGroup section */
		D82ABA2023C93303003B8FFD /* Main.storyboard */ = {
			isa = PBXVariantGroup;
			children = (
				D82ABA2123C93303003B8FFD /* Base */,
			);
			name = Main.storyboard;
			sourceTree = "<group>";
		};
		D82ABA2523C93308003B8FFD /* LaunchScreen.storyboard */ = {
			isa = PBXVariantGroup;
			children = (
				D82ABA2623C93308003B8FFD /* Base */,
			);
			name = LaunchScreen.storyboard;
			sourceTree = "<group>";
		};
/* End PBXVariantGroup section */

/* Begin XCBuildConfiguration section */
		D82ABA2923C93308003B8FFD /* Debug */ = {
			isa = XCBuildConfiguration;
			buildSettings = {
				ALWAYS_SEARCH_USER_PATHS = NO;
				CLANG_ANALYZER_NONNULL = YES;
				CLANG_ANALYZER_NUMBER_OBJECT_CONVERSION = YES_AGGRESSIVE;
				CLANG_CXX_LANGUAGE_STANDARD = "gnu++14";
				CLANG_CXX_LIBRARY = "libc++";
				CLANG_ENABLE_MODULES = YES;
				CLANG_ENABLE_OBJC_ARC = YES;
				CLANG_ENABLE_OBJC_WEAK = YES;
				CLANG_WARN_BLOCK_CAPTURE_AUTORELEASING = YES;
				CLANG_WARN_BOOL_CONVERSION = YES;
				CLANG_WARN_COMMA = YES;
				CLANG_WARN_CONSTANT_CONVERSION = YES;
				CLANG_WARN_DEPRECATED_OBJC_IMPLEMENTATIONS = YES;
				CLANG_WARN_DIRECT_OBJC_ISA_USAGE = YES_ERROR;
				CLANG_WARN_DOCUMENTATION_COMMENTS = YES;
				CLANG_WARN_EMPTY_BODY = YES;
				CLANG_WARN_ENUM_CONVERSION = YES;
				CLANG_WARN_INFINITE_RECURSION = YES;
				CLANG_WARN_INT_CONVERSION = YES;
				CLANG_WARN_NON_LITERAL_NULL_CONVERSION = YES;
				CLANG_WARN_OBJC_IMPLICIT_RETAIN_SELF = YES;
				CLANG_WARN_OBJC_LITERAL_CONVERSION = YES;
				CLANG_WARN_OBJC_ROOT_CLASS = YES_ERROR;
				CLANG_WARN_RANGE_LOOP_ANALYSIS = YES;
				CLANG_WARN_STRICT_PROTOTYPES = YES;
				CLANG_WARN_SUSPICIOUS_MOVE = YES;
				CLANG_WARN_UNGUARDED_AVAILABILITY = YES_AGGRESSIVE;
				CLANG_WARN_UNREACHABLE_CODE = YES;
				CLANG_WARN__DUPLICATE_METHOD_MATCH = YES;
				COPY_PHASE_STRIP = NO;
				DEBUG_INFORMATION_FORMAT = dwarf;
				ENABLE_STRICT_OBJC_MSGSEND = YES;
				ENABLE_TESTABILITY = YES;
				GCC_C_LANGUAGE_STANDARD = gnu11;
				GCC_DYNAMIC_NO_PIC = NO;
				GCC_NO_COMMON_BLOCKS = YES;
				GCC_OPTIMIZATION_LEVEL = 0;
				GCC_PREPROCESSOR_DEFINITIONS = (
					"DEBUG=1",
					"$(inherited)",
				);
				GCC_WARN_64_TO_32_BIT_CONVERSION = YES;
				GCC_WARN_ABOUT_RETURN_TYPE = YES_ERROR;
				GCC_WARN_UNDECLARED_SELECTOR = YES;
				GCC_WARN_UNINITIALIZED_AUTOS = YES_AGGRESSIVE;
				GCC_WARN_UNUSED_FUNCTION = YES;
				GCC_WARN_UNUSED_VARIABLE = YES;
				IPHONEOS_DEPLOYMENT_TARGET = 13.2;
				MTL_ENABLE_DEBUG_INFO = INCLUDE_SOURCE;
				MTL_FAST_MATH = YES;
				ONLY_ACTIVE_ARCH = YES;
				SDKROOT = iphoneos;
				SWIFT_ACTIVE_COMPILATION_CONDITIONS = DEBUG;
				SWIFT_OPTIMIZATION_LEVEL = "-Onone";
			};
			name = Debug;
		};
		D82ABA2A23C93308003B8FFD /* Release */ = {
			isa = XCBuildConfiguration;
			buildSettings = {
				ALWAYS_SEARCH_USER_PATHS = NO;
				CLANG_ANALYZER_NONNULL = YES;
				CLANG_ANALYZER_NUMBER_OBJECT_CONVERSION = YES_AGGRESSIVE;
				CLANG_CXX_LANGUAGE_STANDARD = "gnu++14";
				CLANG_CXX_LIBRARY = "libc++";
				CLANG_ENABLE_MODULES = YES;
				CLANG_ENABLE_OBJC_ARC = YES;
				CLANG_ENABLE_OBJC_WEAK = YES;
				CLANG_WARN_BLOCK_CAPTURE_AUTORELEASING = YES;
				CLANG_WARN_BOOL_CONVERSION = YES;
				CLANG_WARN_COMMA = YES;
				CLANG_WARN_CONSTANT_CONVERSION = YES;
				CLANG_WARN_DEPRECATED_OBJC_IMPLEMENTATIONS = YES;
				CLANG_WARN_DIRECT_OBJC_ISA_USAGE = YES_ERROR;
				CLANG_WARN_DOCUMENTATION_COMMENTS = YES;
				CLANG_WARN_EMPTY_BODY = YES;
				CLANG_WARN_ENUM_CONVERSION = YES;
				CLANG_WARN_INFINITE_RECURSION = YES;
				CLANG_WARN_INT_CONVERSION = YES;
				CLANG_WARN_NON_LITERAL_NULL_CONVERSION = YES;
				CLANG_WARN_OBJC_IMPLICIT_RETAIN_SELF = YES;
				CLANG_WARN_OBJC_LITERAL_CONVERSION = YES;
				CLANG_WARN_OBJC_ROOT_CLASS = YES_ERROR;
				CLANG_WARN_RANGE_LOOP_ANALYSIS = YES;
				CLANG_WARN_STRICT_PROTOTYPES = YES;
				CLANG_WARN_SUSPICIOUS_MOVE = YES;
				CLANG_WARN_UNGUARDED_AVAILABILITY = YES_AGGRESSIVE;
				CLANG_WARN_UNREACHABLE_CODE = YES;
				CLANG_WARN__DUPLICATE_METHOD_MATCH = YES;
				COPY_PHASE_STRIP = NO;
				DEBUG_INFORMATION_FORMAT = "dwarf-with-dsym";
				ENABLE_NS_ASSERTIONS = NO;
				ENABLE_STRICT_OBJC_MSGSEND = YES;
				GCC_C_LANGUAGE_STANDARD = gnu11;
				GCC_NO_COMMON_BLOCKS = YES;
				GCC_WARN_64_TO_32_BIT_CONVERSION = YES;
				GCC_WARN_ABOUT_RETURN_TYPE = YES_ERROR;
				GCC_WARN_UNDECLARED_SELECTOR = YES;
				GCC_WARN_UNINITIALIZED_AUTOS = YES_AGGRESSIVE;
				GCC_WARN_UNUSED_FUNCTION = YES;
				GCC_WARN_UNUSED_VARIABLE = YES;
				IPHONEOS_DEPLOYMENT_TARGET = 13.2;
				MTL_ENABLE_DEBUG_INFO = NO;
				MTL_FAST_MATH = YES;
				SDKROOT = iphoneos;
				SWIFT_COMPILATION_MODE = wholemodule;
				SWIFT_OPTIMIZATION_LEVEL = "-O";
				VALIDATE_PRODUCT = YES;
			};
			name = Release;
		};
		D82ABA2C23C93308003B8FFD /* Debug */ = {
			isa = XCBuildConfiguration;
			baseConfigurationReference = B6CD63FB68452873E9C71CC7 /* Pods-BlissHub.debug.xcconfig */;
			buildSettings = {
				ASSETCATALOG_COMPILER_APPICON_NAME = AppIcon;
				CODE_SIGN_STYLE = Automatic;
				DEVELOPMENT_TEAM = NZCNQ8HU52;
				INFOPLIST_FILE = BlissHub/Info.plist;
				LD_RUNPATH_SEARCH_PATHS = (
					"$(inherited)",
					"@executable_path/Frameworks",
				);
				PRODUCT_BUNDLE_IDENTIFIER = pt.nmplcpimenta.BlissHub;
				PRODUCT_NAME = "$(TARGET_NAME)";
				SWIFT_VERSION = 5.0;
				TARGETED_DEVICE_FAMILY = 1;
			};
			name = Debug;
		};
		D82ABA2D23C93308003B8FFD /* Release */ = {
			isa = XCBuildConfiguration;
			baseConfigurationReference = 5E9245C807FB89B418FCDB9C /* Pods-BlissHub.release.xcconfig */;
			buildSettings = {
				ASSETCATALOG_COMPILER_APPICON_NAME = AppIcon;
				CODE_SIGN_STYLE = Automatic;
				DEVELOPMENT_TEAM = NZCNQ8HU52;
				INFOPLIST_FILE = BlissHub/Info.plist;
				LD_RUNPATH_SEARCH_PATHS = (
					"$(inherited)",
					"@executable_path/Frameworks",
				);
				PRODUCT_BUNDLE_IDENTIFIER = pt.nmplcpimenta.BlissHub;
				PRODUCT_NAME = "$(TARGET_NAME)";
				SWIFT_VERSION = 5.0;
				TARGETED_DEVICE_FAMILY = 1;
			};
			name = Release;
		};
/* End XCBuildConfiguration section */

/* Begin XCConfigurationList section */
		D82ABA1223C93302003B8FFD /* Build configuration list for PBXProject "BlissHub" */ = {
			isa = XCConfigurationList;
			buildConfigurations = (
				D82ABA2923C93308003B8FFD /* Debug */,
				D82ABA2A23C93308003B8FFD /* Release */,
			);
			defaultConfigurationIsVisible = 0;
			defaultConfigurationName = Release;
		};
		D82ABA2B23C93308003B8FFD /* Build configuration list for PBXNativeTarget "BlissHub" */ = {
			isa = XCConfigurationList;
			buildConfigurations = (
				D82ABA2C23C93308003B8FFD /* Debug */,
				D82ABA2D23C93308003B8FFD /* Release */,
			);
			defaultConfigurationIsVisible = 0;
			defaultConfigurationName = Release;
		};
/* End XCConfigurationList section */
	};
	rootObject = D82ABA0F23C93302003B8FFD /* Project object */;
}
