PODS:
  - Alamofire (4.9.1)
  - RxSwift (5.0.1)
  - SwiftGen (6.1.0)
  - SwiftLint (0.38.0)

DEPENDENCIES:
  - Alamofire
  - RxSwift
  - SwiftGen
  - SwiftLint

SPEC REPOS:
  trunk:
    - Alamofire
    - RxSwift
    - SwiftGen
    - SwiftLint

SPEC CHECKSUMS:
  Alamofire: 85e8a02c69d6020a0d734f6054870d7ecb75cf18
  RxSwift: e2dc62b366a3adf6a0be44ba9f405efd4c94e0c4
  SwiftGen: f872ca75cbd17bf7103c17f13dcfa0d9a15667b0
  SwiftLint: 4105f061f9812b214568b736dab580ab2c73a582

PODFILE CHECKSUM: b810547be8692b328ab1317a9608c933231ece49

COCOAPODS: 1.8.4
